# This file is automatically @generated by Poetry 1.8.3 and should not be changed by hand.

[[package]]
name = "robotframework"
version = "7.1"
description = "Generic automation framework for acceptance testing and robotic process automation (RPA)"
optional = false
python-versions = ">=3.8"
files = [
    {file = "robotframework-7.1-py3-none-any.whl", hash = "sha256:23b4c80e0079e512fb3322fd1505a2cfc4ab054903ce96c121c215034bd5c7fc"},
    {file = "robotframework-7.1.zip", hash = "sha256:34796d387e182b36f05d82f3bbc802bd6a30192ebf1e03c76d2086d0d04faaff"},
]

[metadata]
lock-version = "2.0"
python-versions = "3.8.10"
content-hash = "2390eb061d473e4ca6d0b53483c2b84949c1d3111bd17f292ef7e8a5db7bff25"
